
Microsoft Visual Studio Solution File, Format Version 12.00
# Visual Studio 15
VisualStudioVersion = 15.0.27703.2042
MinimumVisualStudioVersion = 10.0.40219.1
Project("{FAE04EC0-301F-11D3-BF4B-00C04F79EFBC}") = "Circolare2018.DAL", "Circolare2018.DAL\Circolare2018.DAL.csproj", "{012A2D89-BE22-4EE7-BC59-37FCE8D957E0}"
EndProject
Project("{FAE04EC0-301F-11D3-BF4B-00C04F79EFBC}") = "Circolare2018.Entities", "Circolare2018.Entities\Circolare2018.Entities.csproj", "{416F7FA3-4AB1-4BB3-8E89-E84AFBBB55D7}"
EndProject
Project("{FAE04EC0-301F-11D3-BF4B-00C04F79EFBC}") = "Circolare2018.BL", "Circolare2018.BL\Circolare2018.BL.csproj", "{5DE28E8A-A90A-4C0C-ADAA-2CC9CDE2B943}"
EndProject
Project("{FAE04EC0-301F-11D3-BF4B-00C04F79EFBC}") = "Circolare2018.Console.PL", "Circolare2018.Console.PL\Circolare2018.Console.PL.csproj", "{8782A5A5-D3D0-44C3-88EC-5346EFDCB337}"
EndProject
Project("{FAE04EC0-301F-11D3-BF4B-00C04F79EFBC}") = "Circolare2018.SL", "Circolare2018.SL\Circolare2018.SL.csproj", "{4967795D-E42C-4D4C-B223-19D55B393896}"
EndProject
Project("{FAE04EC0-301F-11D3-BF4B-00C04F79EFBC}") = "Circolare2018.PL", "Circolare2018.PL\Circolare2018.PL.csproj", "{567766FC-5567-4991-9BEB-7375D02ED296}"
EndProject
Global
	GlobalSection(SolutionConfigurationPlatforms) = preSolution
		Debug|Any CPU = Debug|Any CPU
		Release|Any CPU = Release|Any CPU
	EndGlobalSection
	GlobalSection(ProjectConfigurationPlatforms) = postSolution
		{012A2D89-BE22-4EE7-BC59-37FCE8D957E0}.Debug|Any CPU.ActiveCfg = Debug|Any CPU
		{012A2D89-BE22-4EE7-BC59-37FCE8D957E0}.Debug|Any CPU.Build.0 = Debug|Any CPU
		{012A2D89-BE22-4EE7-BC59-37FCE8D957E0}.Release|Any CPU.ActiveCfg = Release|Any CPU
		{012A2D89-BE22-4EE7-BC59-37FCE8D957E0}.Release|Any CPU.Build.0 = Release|Any CPU
		{416F7FA3-4AB1-4BB3-8E89-E84AFBBB55D7}.Debug|Any CPU.ActiveCfg = Debug|Any CPU
		{416F7FA3-4AB1-4BB3-8E89-E84AFBBB55D7}.Debug|Any CPU.Build.0 = Debug|Any CPU
		{416F7FA3-4AB1-4BB3-8E89-E84AFBBB55D7}.Release|Any CPU.ActiveCfg = Release|Any CPU
		{416F7FA3-4AB1-4BB3-8E89-E84AFBBB55D7}.Release|Any CPU.Build.0 = Release|Any CPU
		{5DE28E8A-A90A-4C0C-ADAA-2CC9CDE2B943}.Debug|Any CPU.ActiveCfg = Debug|Any CPU
		{5DE28E8A-A90A-4C0C-ADAA-2CC9CDE2B943}.Debug|Any CPU.Build.0 = Debug|Any CPU
		{5DE28E8A-A90A-4C0C-ADAA-2CC9CDE2B943}.Release|Any CPU.ActiveCfg = Release|Any CPU
		{5DE28E8A-A90A-4C0C-ADAA-2CC9CDE2B943}.Release|Any CPU.Build.0 = Release|Any CPU
		{8782A5A5-D3D0-44C3-88EC-5346EFDCB337}.Debug|Any CPU.ActiveCfg = Debug|Any CPU
		{8782A5A5-D3D0-44C3-88EC-5346EFDCB337}.Debug|Any CPU.Build.0 = Debug|Any CPU
		{8782A5A5-D3D0-44C3-88EC-5346EFDCB337}.Release|Any CPU.ActiveCfg = Release|Any CPU
		{8782A5A5-D3D0-44C3-88EC-5346EFDCB337}.Release|Any CPU.Build.0 = Release|Any CPU
		{4967795D-E42C-4D4C-B223-19D55B393896}.Debug|Any CPU.ActiveCfg = Debug|Any CPU
		{4967795D-E42C-4D4C-B223-19D55B393896}.Debug|Any CPU.Build.0 = Debug|Any CPU
		{4967795D-E42C-4D4C-B223-19D55B393896}.Release|Any CPU.ActiveCfg = Release|Any CPU
		{4967795D-E42C-4D4C-B223-19D55B393896}.Release|Any CPU.Build.0 = Release|Any CPU
		{567766FC-5567-4991-9BEB-7375D02ED296}.Debug|Any CPU.ActiveCfg = Debug|Any CPU
		{567766FC-5567-4991-9BEB-7375D02ED296}.Debug|Any CPU.Build.0 = Debug|Any CPU
		{567766FC-5567-4991-9BEB-7375D02ED296}.Release|Any CPU.ActiveCfg = Release|Any CPU
		{567766FC-5567-4991-9BEB-7375D02ED296}.Release|Any CPU.Build.0 = Release|Any CPU
	EndGlobalSection
	GlobalSection(SolutionProperties) = preSolution
		HideSolutionNode = FALSE
	EndGlobalSection
	GlobalSection(ExtensibilityGlobals) = postSolution
		SolutionGuid = {E3C5B446-9132-4124-949B-F0E271E87ECB}
	EndGlobalSection
EndGlobal
